// !$*UTF8*$!
{
	archiveVersion = 1;
	classes = {
	};
	objectVersion = 55;
	objects = {

/* Begin PBXBuildFile section */
		1FA5A65A2748D989009FCD5D /* main.m in Sources */ = {isa = PBXBuildFile; fileRef = 1FA5A6592748D989009FCD5D /* main.m */; };
		1FA5A6672748D9E3009FCD5D /* main.m in Sources */ = {isa = PBXBuildFile; fileRef = 1FA5A6662748D9E3009FCD5D /* main.m */; };
/* End PBXBuildFile section */

/* Begin PBXCopyFilesBuildPhase section */
		1FA5A6502748D92A009FCD5D /* CopyFiles */ = {
			isa = PBXCopyFilesBuildPhase;
			buildActionMask = 2147483647;
			dstPath = /usr/share/man/man1/;
			dstSubfolderSpec = 0;
			files = (
			);
			runOnlyForDeploymentPostprocessing = 1;
		};
		1FA5A65D2748D9A9009FCD5D /* CopyFiles */ = {
			isa = PBXCopyFilesBuildPhase;
			buildActionMask = 2147483647;
			dstPath = /usr/share/man/man1/;
			dstSubfolderSpec = 0;
			files = (
			);
			runOnlyForDeploymentPostprocessing = 1;
		};
/* End PBXCopyFilesBuildPhase section */

/* Begin PBXFileReference section */
		1FA5A6522748D92A009FCD5D /* 01-对象多定义和基础方法声明 */ = {isa = PBXFileReference; explicitFileType = "compiled.mach-o.executable"; includeInIndex = 0; path = "01-对象多定义和基础方法声明"; sourceTree = BUILT_PRODUCTS_DIR; };
		1FA5A6592748D989009FCD5D /* main.m */ = {isa = PBXFileReference; lastKnownFileType = sourcecode.c.objc; name = main.m; path = ../../main.m; sourceTree = "<group>"; };
		1FA5A65F2748D9A9009FCD5D /* 02-对象访问自身属性 */ = {isa = PBXFileReference; explicitFileType = "compiled.mach-o.executable"; includeInIndex = 0; path = "02-对象访问自身属性"; sourceTree = BUILT_PRODUCTS_DIR; };
		1FA5A6662748D9E3009FCD5D /* main.m */ = {isa = PBXFileReference; lastKnownFileType = sourcecode.c.objc; path = main.m; sourceTree = SOURCE_ROOT; };
/* End PBXFileReference section */

/* Begin PBXFrameworksBuildPhase section */
		1FA5A64F2748D92A009FCD5D /* Frameworks */ = {
			isa = PBXFrameworksBuildPhase;
			buildActionMask = 2147483647;
			files = (
			);
			runOnlyForDeploymentPostprocessing = 0;
		};
		1FA5A65C2748D9A9009FCD5D /* Frameworks */ = {
			isa = PBXFrameworksBuildPhase;
			buildActionMask = 2147483647;
			files = (
			);
			runOnlyForDeploymentPostprocessing = 0;
		};
/* End PBXFrameworksBuildPhase section */

/* Begin PBXGroup section */
		1F0FD1BD2747FD54002F5342 = {
			isa = PBXGroup;
			children = (
				1FA5A64D2748D8C2009FCD5D /* 02-对象访问自身属性 */,
				1F0FD1C82747FD54002F5342 /* 01-对象多定义和基础方法声明 */,
				1F0FD1C72747FD54002F5342 /* Products */,
			);
			sourceTree = "<group>";
		};
		1F0FD1C72747FD54002F5342 /* Products */ = {
			isa = PBXGroup;
			children = (
				1FA5A6522748D92A009FCD5D /* 01-对象多定义和基础方法声明 */,
				1FA5A65F2748D9A9009FCD5D /* 02-对象访问自身属性 */,
			);
			name = Products;
			sourceTree = "<group>";
		};
		1F0FD1C82747FD54002F5342 /* 01-对象多定义和基础方法声明 */ = {
			isa = PBXGroup;
			children = (
				1FA5A6592748D989009FCD5D /* main.m */,
			);
			path = "01-对象多定义和基础方法声明";
			sourceTree = "<group>";
		};
		1FA5A64D2748D8C2009FCD5D /* 02-对象访问自身属性 */ = {
			isa = PBXGroup;
			children = (
				1FA5A6662748D9E3009FCD5D /* main.m */,
			);
			path = "02-对象访问自身属性";
			sourceTree = "<group>";
		};
/* End PBXGroup section */

/* Begin PBXNativeTarget section */
		1FA5A6512748D92A009FCD5D /* 01-对象多定义和基础方法声明 */ = {
			isa = PBXNativeTarget;
			buildConfigurationList = 1FA5A6562748D92A009FCD5D /* Build configuration list for PBXNativeTarget "01-对象多定义和基础方法声明" */;
			buildPhases = (
				1FA5A64E2748D92A009FCD5D /* Sources */,
				1FA5A64F2748D92A009FCD5D /* Frameworks */,
				1FA5A6502748D92A009FCD5D /* CopyFiles */,
			);
			buildRules = (
			);
			dependencies = (
			);
			name = "01-对象多定义和基础方法声明";
			productName = "01-对象多定义和基础方法声明";
			productReference = 1FA5A6522748D92A009FCD5D /* 01-对象多定义和基础方法声明 */;
			productType = "com.apple.product-type.tool";
		};
		1FA5A65E2748D9A9009FCD5D /* 02-对象访问自身属性 */ = {
			isa = PBXNativeTarget;
			buildConfigurationList = 1FA5A6632748D9A9009FCD5D /* Build configuration list for PBXNativeTarget "02-对象访问自身属性" */;
			buildPhases = (
				1FA5A65B2748D9A9009FCD5D /* Sources */,
				1FA5A65C2748D9A9009FCD5D /* Frameworks */,
				1FA5A65D2748D9A9009FCD5D /* CopyFiles */,
			);
			buildRules = (
			);
			dependencies = (
			);
			name = "02-对象访问自身属性";
			productName = "02-对象访问自身属性";
			productReference = 1FA5A65F2748D9A9009FCD5D /* 02-对象访问自身属性 */;
			productType = "com.apple.product-type.tool";
		};
/* End PBXNativeTarget section */

/* Begin PBXProject section */
		1F0FD1BE2747FD54002F5342 /* Project object */ = {
			isa = PBXProject;
			attributes = {
				BuildIndependentTargetsInParallel = 1;
				LastUpgradeCheck = 1310;
				TargetAttributes = {
					1FA5A6512748D92A009FCD5D = {
						CreatedOnToolsVersion = 13.1;
					};
					1FA5A65E2748D9A9009FCD5D = {
						CreatedOnToolsVersion = 13.1;
					};
				};
			};
			buildConfigurationList = 1F0FD1C12747FD54002F5342 /* Build configuration list for PBXProject "Objective—C StudyDemo" */;
			compatibilityVersion = "Xcode 13.0";
			developmentRegion = en;
			hasScannedForEncodings = 0;
			knownRegions = (
				en,
				Base,
			);
			mainGroup = 1F0FD1BD2747FD54002F5342;
			productRefGroup = 1F0FD1C72747FD54002F5342 /* Products */;
			projectDirPath = "";
			projectRoot = "";
			targets = (
				1FA5A6512748D92A009FCD5D /* 01-对象多定义和基础方法声明 */,
				1FA5A65E2748D9A9009FCD5D /* 02-对象访问自身属性 */,
			);
		};
/* End PBXProject section */

/* Begin PBXSourcesBuildPhase section */
		1FA5A64E2748D92A009FCD5D /* Sources */ = {
			isa = PBXSourcesBuildPhase;
			buildActionMask = 2147483647;
			files = (
				1FA5A65A2748D989009FCD5D /* main.m in Sources */,
			);
			runOnlyForDeploymentPostprocessing = 0;
		};
		1FA5A65B2748D9A9009FCD5D /* Sources */ = {
			isa = PBXSourcesBuildPhase;
			buildActionMask = 2147483647;
			files = (
				1FA5A6672748D9E3009FCD5D /* main.m in Sources */,
			);
			runOnlyForDeploymentPostprocessing = 0;
		};
/* End PBXSourcesBuildPhase section */

/* Begin XCBuildConfiguration section */
		1F0FD1CB2747FD54002F5342 /* Debug */ = {
			isa = XCBuildConfiguration;
			buildSettings = {
				ALWAYS_SEARCH_USER_PATHS = NO;
				CLANG_ANALYZER_NONNULL = YES;
				CLANG_ANALYZER_NUMBER_OBJECT_CONVERSION = YES_AGGRESSIVE;
				CLANG_CXX_LANGUAGE_STANDARD = "gnu++17";
				CLANG_CXX_LIBRARY = "libc++";
				CLANG_ENABLE_MODULES = YES;
				CLANG_ENABLE_OBJC_ARC = YES;
				CLANG_ENABLE_OBJC_WEAK = YES;
				CLANG_WARN_BLOCK_CAPTURE_AUTORELEASING = YES;
				CLANG_WARN_BOOL_CONVERSION = YES;
				CLANG_WARN_COMMA = YES;
				CLANG_WARN_CONSTANT_CONVERSION = YES;
				CLANG_WARN_DEPRECATED_OBJC_IMPLEMENTATIONS = YES;
				CLANG_WARN_DIRECT_OBJC_ISA_USAGE = YES_ERROR;
				CLANG_WARN_DOCUMENTATION_COMMENTS = YES;
				CLANG_WARN_EMPTY_BODY = YES;
				CLANG_WARN_ENUM_CONVERSION = YES;
				CLANG_WARN_INFINITE_RECURSION = YES;
				CLANG_WARN_INT_CONVERSION = YES;
				CLANG_WARN_NON_LITERAL_NULL_CONVERSION = YES;
				CLANG_WARN_OBJC_IMPLICIT_RETAIN_SELF = YES;
				CLANG_WARN_OBJC_LITERAL_CONVERSION = YES;
				CLANG_WARN_OBJC_ROOT_CLASS = YES_ERROR;
				CLANG_WARN_QUOTED_INCLUDE_IN_FRAMEWORK_HEADER = YES;
				CLANG_WARN_RANGE_LOOP_ANALYSIS = YES;
				CLANG_WARN_STRICT_PROTOTYPES = YES;
				CLANG_WARN_SUSPICIOUS_MOVE = YES;
				CLANG_WARN_UNGUARDED_AVAILABILITY = YES_AGGRESSIVE;
				CLANG_WARN_UNREACHABLE_CODE = YES;
				CLANG_WARN__DUPLICATE_METHOD_MATCH = YES;
				COPY_PHASE_STRIP = NO;
				DEBUG_INFORMATION_FORMAT = dwarf;
				ENABLE_STRICT_OBJC_MSGSEND = YES;
				ENABLE_TESTABILITY = YES;
				GCC_C_LANGUAGE_STANDARD = gnu11;
				GCC_DYNAMIC_NO_PIC = NO;
				GCC_NO_COMMON_BLOCKS = YES;
				GCC_OPTIMIZATION_LEVEL = 0;
				GCC_PREPROCESSOR_DEFINITIONS = (
					"DEBUG=1",
					"$(inherited)",
				);
				GCC_WARN_64_TO_32_BIT_CONVERSION = YES;
				GCC_WARN_ABOUT_RETURN_TYPE = YES_ERROR;
				GCC_WARN_UNDECLARED_SELECTOR = YES;
				GCC_WARN_UNINITIALIZED_AUTOS = YES_AGGRESSIVE;
				GCC_WARN_UNUSED_FUNCTION = YES;
				GCC_WARN_UNUSED_VARIABLE = YES;
				MACOSX_DEPLOYMENT_TARGET = 12.0;
				MTL_ENABLE_DEBUG_INFO = INCLUDE_SOURCE;
				MTL_FAST_MATH = YES;
				ONLY_ACTIVE_ARCH = YES;
				SDKROOT = macosx;
			};
			name = Debug;
		};
		1F0FD1CC2747FD54002F5342 /* Release */ = {
			isa = XCBuildConfiguration;
			buildSettings = {
				ALWAYS_SEARCH_USER_PATHS = NO;
				CLANG_ANALYZER_NONNULL = YES;
				CLANG_ANALYZER_NUMBER_OBJECT_CONVERSION = YES_AGGRESSIVE;
				CLANG_CXX_LANGUAGE_STANDARD = "gnu++17";
				CLANG_CXX_LIBRARY = "libc++";
				CLANG_ENABLE_MODULES = YES;
				CLANG_ENABLE_OBJC_ARC = YES;
				CLANG_ENABLE_OBJC_WEAK = YES;
				CLANG_WARN_BLOCK_CAPTURE_AUTORELEASING = YES;
				CLANG_WARN_BOOL_CONVERSION = YES;
				CLANG_WARN_COMMA = YES;
				CLANG_WARN_CONSTANT_CONVERSION = YES;
				CLANG_WARN_DEPRECATED_OBJC_IMPLEMENTATIONS = YES;
				CLANG_WARN_DIRECT_OBJC_ISA_USAGE = YES_ERROR;
				CLANG_WARN_DOCUMENTATION_COMMENTS = YES;
				CLANG_WARN_EMPTY_BODY = YES;
				CLANG_WARN_ENUM_CONVERSION = YES;
				CLANG_WARN_INFINITE_RECURSION = YES;
				CLANG_WARN_INT_CONVERSION = YES;
				CLANG_WARN_NON_LITERAL_NULL_CONVERSION = YES;
				CLANG_WARN_OBJC_IMPLICIT_RETAIN_SELF = YES;
				CLANG_WARN_OBJC_LITERAL_CONVERSION = YES;
				CLANG_WARN_OBJC_ROOT_CLASS = YES_ERROR;
				CLANG_WARN_QUOTED_INCLUDE_IN_FRAMEWORK_HEADER = YES;
				CLANG_WARN_RANGE_LOOP_ANALYSIS = YES;
				CLANG_WARN_STRICT_PROTOTYPES = YES;
				CLANG_WARN_SUSPICIOUS_MOVE = YES;
				CLANG_WARN_UNGUARDED_AVAILABILITY = YES_AGGRESSIVE;
				CLANG_WARN_UNREACHABLE_CODE = YES;
				CLANG_WARN__DUPLICATE_METHOD_MATCH = YES;
				COPY_PHASE_STRIP = NO;
				DEBUG_INFORMATION_FORMAT = "dwarf-with-dsym";
				ENABLE_NS_ASSERTIONS = NO;
				ENABLE_STRICT_OBJC_MSGSEND = YES;
				GCC_C_LANGUAGE_STANDARD = gnu11;
				GCC_NO_COMMON_BLOCKS = YES;
				GCC_WARN_64_TO_32_BIT_CONVERSION = YES;
				GCC_WARN_ABOUT_RETURN_TYPE = YES_ERROR;
				GCC_WARN_UNDECLARED_SELECTOR = YES;
				GCC_WARN_UNINITIALIZED_AUTOS = YES_AGGRESSIVE;
				GCC_WARN_UNUSED_FUNCTION = YES;
				GCC_WARN_UNUSED_VARIABLE = YES;
				MACOSX_DEPLOYMENT_TARGET = 12.0;
				MTL_ENABLE_DEBUG_INFO = NO;
				MTL_FAST_MATH = YES;
				SDKROOT = macosx;
			};
			name = Release;
		};
		1FA5A6572748D92A009FCD5D /* Debug */ = {
			isa = XCBuildConfiguration;
			buildSettings = {
				CODE_SIGN_STYLE = Automatic;
				DEVELOPMENT_TEAM = Q57R8D23YS;
				ENABLE_HARDENED_RUNTIME = YES;
				PRODUCT_NAME = "$(TARGET_NAME)";
			};
			name = Debug;
		};
		1FA5A6582748D92A009FCD5D /* Release */ = {
			isa = XCBuildConfiguration;
			buildSettings = {
				CODE_SIGN_STYLE = Automatic;
				DEVELOPMENT_TEAM = Q57R8D23YS;
				ENABLE_HARDENED_RUNTIME = YES;
				PRODUCT_NAME = "$(TARGET_NAME)";
			};
			name = Release;
		};
		1FA5A6642748D9A9009FCD5D /* Debug */ = {
			isa = XCBuildConfiguration;
			buildSettings = {
				CODE_SIGN_STYLE = Automatic;
				DEVELOPMENT_TEAM = Q57R8D23YS;
				ENABLE_HARDENED_RUNTIME = YES;
				PRODUCT_NAME = "$(TARGET_NAME)";
			};
			name = Debug;
		};
		1FA5A6652748D9A9009FCD5D /* Release */ = {
			isa = XCBuildConfiguration;
			buildSettings = {
				CODE_SIGN_STYLE = Automatic;
				DEVELOPMENT_TEAM = Q57R8D23YS;
				ENABLE_HARDENED_RUNTIME = YES;
				PRODUCT_NAME = "$(TARGET_NAME)";
			};
			name = Release;
		};
/* End XCBuildConfiguration section */

/* Begin XCConfigurationList section */
		1F0FD1C12747FD54002F5342 /* Build configuration list for PBXProject "Objective—C StudyDemo" */ = {
			isa = XCConfigurationList;
			buildConfigurations = (
				1F0FD1CB2747FD54002F5342 /* Debug */,
				1F0FD1CC2747FD54002F5342 /* Release */,
			);
			defaultConfigurationIsVisible = 0;
			defaultConfigurationName = Release;
		};
		1FA5A6562748D92A009FCD5D /* Build configuration list for PBXNativeTarget "01-对象多定义和基础方法声明" */ = {
			isa = XCConfigurationList;
			buildConfigurations = (
				1FA5A6572748D92A009FCD5D /* Debug */,
				1FA5A6582748D92A009FCD5D /* Release */,
			);
			defaultConfigurationIsVisible = 0;
			defaultConfigurationName = Release;
		};
		1FA5A6632748D9A9009FCD5D /* Build configuration list for PBXNativeTarget "02-对象访问自身属性" */ = {
			isa = XCConfigurationList;
			buildConfigurations = (
				1FA5A6642748D9A9009FCD5D /* Debug */,
				1FA5A6652748D9A9009FCD5D /* Release */,
			);
			defaultConfigurationIsVisible = 0;
			defaultConfigurationName = Release;
		};
/* End XCConfigurationList section */
	};
	rootObject = 1F0FD1BE2747FD54002F5342 /* Project object */;
}
